
Microsoft Visual Studio Solution File, Format Version 12.00
# Visual Studio Version 16
VisualStudioVersion = 16.0.30413.136
MinimumVisualStudioVersion = 10.0.40219.1
Project("{2150E333-8FDC-42A3-9474-1A3956D46DE8}") = "CleanArchitecture.Application", "CleanArchitecture.Application", "{6517C5B5-418D-49FD-8F53-B36736634646}"
EndProject
Project("{2150E333-8FDC-42A3-9474-1A3956D46DE8}") = "CleanArchitecture.Domain", "CleanArchitecture.Domain", "{4F8B1F5D-0425-49B3-B222-8D7FC357E2B0}"
EndProject
Project("{2150E333-8FDC-42A3-9474-1A3956D46DE8}") = "CleanArchitecture.Infra.Data", "CleanArchitecture.Infra.Data", "{C5645435-2E0A-4B66-9A98-4B28A71207A4}"
EndProject
Project("{2150E333-8FDC-42A3-9474-1A3956D46DE8}") = "CleanArchitecture.", "CleanArchitecture.", "{E49B6236-24AC-4D61-9809-BC7529F11B4C}"
EndProject
Project("{2150E333-8FDC-42A3-9474-1A3956D46DE8}") = "CleanArchitecture.Infra.IoC", "CleanArchitecture.Infra.IoC", "{59F4318E-2175-47D8-9FDB-31BF173B0DCA}"
EndProject
Project("{2150E333-8FDC-42A3-9474-1A3956D46DE8}") = "CleanArchitecture.UI.Mvc", "CleanArchitecture.UI.Mvc", "{BFFB3632-E4F2-46E4-B9BC-96CDBEB5CF6A}"
EndProject
Global
	GlobalSection(SolutionProperties) = preSolution
		HideSolutionNode = FALSE
	EndGlobalSection
	GlobalSection(ExtensibilityGlobals) = postSolution
		SolutionGuid = {2158E2D1-4FA8-41B6-A363-8B568879B370}
	EndGlobalSection
EndGlobal
